PODS:
  - boost (1.76.0)
  - BVLinearGradient (2.5.6):
    - React
  - CocoaAsyncSocket (7.6.5)
  - DoubleConversion (1.1.6)
  - FBLazyVector (0.70.4)
  - FBReactNativeSpec (0.70.4):
    - RCT-Folly (= 2021.07.22.00)
    - RCTRequired (= 0.70.4)
    - RCTTypeSafety (= 0.70.4)
    - React-Core (= 0.70.4)
    - React-jsi (= 0.70.4)
    - ReactCommon/turbomodule/core (= 0.70.4)
  - Flipper (0.125.0):
    - Flipper-Folly (~> 2.6)
    - Flipper-RSocket (~> 1.4)
  - Flipper-Boost-iOSX (1.76.0.1.11)
  - Flipper-DoubleConversion (3.2.0.1)
  - Flipper-Fmt (7.1.7)
  - Flipper-Folly (2.6.10):
    - Flipper-Boost-iOSX
    - Flipper-DoubleConversion
    - Flipper-Fmt (= 7.1.7)
    - Flipper-Glog
    - libevent (~> 2.1.12)
    - OpenSSL-Universal (= 1.1.1100)
  - Flipper-Glog (0.5.0.5)
  - Flipper-PeerTalk (0.0.4)
  - Flipper-RSocket (1.4.3):
    - Flipper-Folly (~> 2.6)
  - FlipperKit (0.125.0):
    - FlipperKit/Core (= 0.125.0)
  - FlipperKit/Core (0.125.0):
    - Flipper (~> 0.125.0)
    - FlipperKit/CppBridge
    - FlipperKit/FBCxxFollyDynamicConvert
    - FlipperKit/FBDefines
    - FlipperKit/FKPortForwarding
    - SocketRocket (~> 0.6.0)
  - FlipperKit/CppBridge (0.125.0):
    - Flipper (~> 0.125.0)
  - FlipperKit/FBCxxFollyDynamicConvert (0.125.0):
    - Flipper-Folly (~> 2.6)
  - FlipperKit/FBDefines (0.125.0)
  - FlipperKit/FKPortForwarding (0.125.0):
    - CocoaAsyncSocket (~> 7.6)
    - Flipper-PeerTalk (~> 0.0.4)
  - FlipperKit/FlipperKitHighlightOverlay (0.125.0)
  - FlipperKit/FlipperKitLayoutHelpers (0.125.0):
    - FlipperKit/Core
    - FlipperKit/FlipperKitHighlightOverlay
    - FlipperKit/FlipperKitLayoutTextSearchable
  - FlipperKit/FlipperKitLayoutIOSDescriptors (0.125.0):
    - FlipperKit/Core
    - FlipperKit/FlipperKitHighlightOverlay
    - FlipperKit/FlipperKitLayoutHelpers
    - YogaKit (~> 1.18)
  - FlipperKit/FlipperKitLayoutPlugin (0.125.0):
    - FlipperKit/Core
    - FlipperKit/FlipperKitHighlightOverlay
    - FlipperKit/FlipperKitLayoutHelpers
    - FlipperKit/FlipperKitLayoutIOSDescriptors
    - FlipperKit/FlipperKitLayoutTextSearchable
    - YogaKit (~> 1.18)
  - FlipperKit/FlipperKitLayoutTextSearchable (0.125.0)
  - FlipperKit/FlipperKitNetworkPlugin (0.125.0):
    - FlipperKit/Core
  - FlipperKit/FlipperKitReactPlugin (0.125.0):
    - FlipperKit/Core
  - FlipperKit/FlipperKitUserDefaultsPlugin (0.125.0):
    - FlipperKit/Core
  - FlipperKit/SKIOSNetworkPlugin (0.125.0):
    - FlipperKit/Core
    - FlipperKit/FlipperKitNetworkPlugin
  - fmt (6.2.1)
  - glog (0.3.5)
  - GoogleDataTransport (9.2.0):
    - GoogleUtilities/Environment (~> 7.7)
    - nanopb (< 2.30910.0, >= 2.30908.0)
    - PromisesObjC (< 3.0, >= 1.2)
  - GoogleMLKit/BarcodeScanning (3.2.0):
    - GoogleMLKit/MLKitCore
    - MLKitBarcodeScanning (~> 2.2.0)
  - GoogleMLKit/MLKitCore (3.2.0):
    - MLKitCommon (~> 8.0.0)
  - GoogleToolboxForMac/DebugUtils (2.3.2):
    - GoogleToolboxForMac/Defines (= 2.3.2)
  - GoogleToolboxForMac/Defines (2.3.2)
  - GoogleToolboxForMac/Logger (2.3.2):
    - GoogleToolboxForMac/Defines (= 2.3.2)
  - "GoogleToolboxForMac/NSData+zlib (2.3.2)":
    - GoogleToolboxForMac/Defines (= 2.3.2)
  - "GoogleToolboxForMac/NSDictionary+URLArguments (2.3.2)":
    - GoogleToolboxForMac/DebugUtils (= 2.3.2)
    - GoogleToolboxForMac/Defines (= 2.3.2)
    - "GoogleToolboxForMac/NSString+URLArguments (= 2.3.2)"
  - "GoogleToolboxForMac/NSString+URLArguments (2.3.2)"
  - GoogleUtilities/Environment (7.7.0):
    - PromisesObjC (< 3.0, >= 1.2)
  - GoogleUtilities/Logger (7.7.0):
    - GoogleUtilities/Environment
  - GoogleUtilities/UserDefaults (7.7.0):
    - GoogleUtilities/Logger
  - GoogleUtilitiesComponents (1.1.0):
    - GoogleUtilities/Logger
  - GTMSessionFetcher/Core (1.7.2)
  - libevent (2.1.12)
  - MLImage (1.0.0-beta3)
  - MLKitBarcodeScanning (2.2.0):
    - MLKitCommon (~> 8.0)
    - MLKitVision (~> 4.2)
  - MLKitCommon (8.0.0):
    - GoogleDataTransport (~> 9.0)
    - GoogleToolboxForMac/Logger (~> 2.1)
    - "GoogleToolboxForMac/NSData+zlib (~> 2.1)"
    - "GoogleToolboxForMac/NSDictionary+URLArguments (~> 2.1)"
    - GoogleUtilities/UserDefaults (~> 7.0)
    - GoogleUtilitiesComponents (~> 1.0)
    - GTMSessionFetcher/Core (~> 1.1)
    - Protobuf (~> 3.12)
  - MLKitVision (4.2.0):
    - GoogleToolboxForMac/Logger (~> 2.1)
    - "GoogleToolboxForMac/NSData+zlib (~> 2.1)"
    - GTMSessionFetcher/Core (~> 1.1)
    - MLImage (= 1.0.0-beta3)
    - MLKitCommon (~> 8.0)
    - Protobuf (~> 3.12)
  - nanopb (2.30909.0):
    - nanopb/decode (= 2.30909.0)
    - nanopb/encode (= 2.30909.0)
  - nanopb/decode (2.30909.0)
  - nanopb/encode (2.30909.0)
  - OpenSSL-Universal (1.1.1100)
  - Permission-AppTrackingTransparency (3.3.1):
    - RNPermissions
  - Permission-BluetoothPeripheral (3.3.1):
    - RNPermissions
  - Permission-Calendars (3.3.1):
    - RNPermissions
  - Permission-Camera (3.3.1):
    - RNPermissions
  - Permission-Contacts (3.3.1):
    - RNPermissions
  - Permission-FaceID (3.3.1):
    - RNPermissions
  - Permission-LocationAccuracy (3.3.1):
    - RNPermissions
  - Permission-LocationAlways (3.3.1):
    - RNPermissions
  - Permission-LocationWhenInUse (3.3.1):
    - RNPermissions
  - Permission-MediaLibrary (3.3.1):
    - RNPermissions
  - Permission-Microphone (3.3.1):
    - RNPermissions
  - Permission-Motion (3.3.1):
    - RNPermissions
  - Permission-Notifications (3.3.1):
    - RNPermissions
  - Permission-PhotoLibrary (3.3.1):
    - RNPermissions
  - Permission-PhotoLibraryAddOnly (3.3.1):
    - RNPermissions
  - Permission-Reminders (3.3.1):
    - RNPermissions
  - Permission-Siri (3.3.1):
    - RNPermissions
  - Permission-SpeechRecognition (3.3.1):
    - RNPermissions
  - Permission-StoreKit (3.3.1):
    - RNPermissions
  - PromisesObjC (2.1.1)
  - Protobuf (3.21.5)
  - RCT-Folly (2021.07.22.00):
    - boost
    - DoubleConversion
    - fmt (~> 6.2.1)
    - glog
    - RCT-Folly/Default (= 2021.07.22.00)
  - RCT-Folly/Default (2021.07.22.00):
    - boost
    - DoubleConversion
    - fmt (~> 6.2.1)
    - glog
  - RCTRequired (0.70.4)
  - RCTTypeSafety (0.70.4):
    - FBLazyVector (= 0.70.4)
    - RCTRequired (= 0.70.4)
    - React-Core (= 0.70.4)
  - React (0.70.4):
    - React-Core (= 0.70.4)
    - React-Core/DevSupport (= 0.70.4)
    - React-Core/RCTWebSocket (= 0.70.4)
    - React-RCTActionSheet (= 0.70.4)
    - React-RCTAnimation (= 0.70.4)
    - React-RCTBlob (= 0.70.4)
    - React-RCTImage (= 0.70.4)
    - React-RCTLinking (= 0.70.4)
    - React-RCTNetwork (= 0.70.4)
    - React-RCTSettings (= 0.70.4)
    - React-RCTText (= 0.70.4)
    - React-RCTVibration (= 0.70.4)
  - React-bridging (0.70.4):
    - RCT-Folly (= 2021.07.22.00)
    - React-jsi (= 0.70.4)
  - React-callinvoker (0.70.4)
  - React-Codegen (0.70.4):
    - FBReactNativeSpec (= 0.70.4)
    - RCT-Folly (= 2021.07.22.00)
    - RCTRequired (= 0.70.4)
    - RCTTypeSafety (= 0.70.4)
    - React-Core (= 0.70.4)
    - React-jsi (= 0.70.4)
    - React-jsiexecutor (= 0.70.4)
    - ReactCommon/turbomodule/core (= 0.70.4)
  - React-Core (0.70.4):
    - glog
    - RCT-Folly (= 2021.07.22.00)
    - React-Core/Default (= 0.70.4)
    - React-cxxreact (= 0.70.4)
    - React-jsi (= 0.70.4)
    - React-jsiexecutor (= 0.70.4)
    - React-perflogger (= 0.70.4)
    - Yoga
  - React-Core/CoreModulesHeaders (0.70.4):
    - glog
    - RCT-Folly (= 2021.07.22.00)
    - React-Core/Default
    - React-cxxreact (= 0.70.4)
    - React-jsi (= 0.70.4)
    - React-jsiexecutor (= 0.70.4)
    - React-perflogger (= 0.70.4)
    - Yoga
  - React-Core/Default (0.70.4):
    - glog
    - RCT-Folly (= 2021.07.22.00)
    - React-cxxreact (= 0.70.4)
    - React-jsi (= 0.70.4)
    - React-jsiexecutor (= 0.70.4)
    - React-perflogger (= 0.70.4)
    - Yoga
  - React-Core/DevSupport (0.70.4):
    - glog
    - RCT-Folly (= 2021.07.22.00)
    - React-Core/Default (= 0.70.4)
    - React-Core/RCTWebSocket (= 0.70.4)
    - React-cxxreact (= 0.70.4)
    - React-jsi (= 0.70.4)
    - React-jsiexecutor (= 0.70.4)
    - React-jsinspector (= 0.70.4)
    - React-perflogger (= 0.70.4)
    - Yoga
  - React-Core/RCTActionSheetHeaders (0.70.4):
    - glog
    - RCT-Folly (= 2021.07.22.00)
    - React-Core/Default
    - React-cxxreact (= 0.70.4)
    - React-jsi (= 0.70.4)
    - React-jsiexecutor (= 0.70.4)
    - React-perflogger (= 0.70.4)
    - Yoga
  - React-Core/RCTAnimationHeaders (0.70.4):
    - glog
    - RCT-Folly (= 2021.07.22.00)
    - React-Core/Default
    - React-cxxreact (= 0.70.4)
    - React-jsi (= 0.70.4)
    - React-jsiexecutor (= 0.70.4)
    - React-perflogger (= 0.70.4)
    - Yoga
  - React-Core/RCTBlobHeaders (0.70.4):
    - glog
    - RCT-Folly (= 2021.07.22.00)
    - React-Core/Default
    - React-cxxreact (= 0.70.4)
    - React-jsi (= 0.70.4)
    - React-jsiexecutor (= 0.70.4)
    - React-perflogger (= 0.70.4)
    - Yoga
  - React-Core/RCTImageHeaders (0.70.4):
    - glog
    - RCT-Folly (= 2021.07.22.00)
    - React-Core/Default
    - React-cxxreact (= 0.70.4)
    - React-jsi (= 0.70.4)
    - React-jsiexecutor (= 0.70.4)
    - React-perflogger (= 0.70.4)
    - Yoga
  - React-Core/RCTLinkingHeaders (0.70.4):
    - glog
    - RCT-Folly (= 2021.07.22.00)
    - React-Core/Default
    - React-cxxreact (= 0.70.4)
    - React-jsi (= 0.70.4)
    - React-jsiexecutor (= 0.70.4)
    - React-perflogger (= 0.70.4)
    - Yoga
  - React-Core/RCTNetworkHeaders (0.70.4):
    - glog
    - RCT-Folly (= 2021.07.22.00)
    - React-Core/Default
    - React-cxxreact (= 0.70.4)
    - React-jsi (= 0.70.4)
    - React-jsiexecutor (= 0.70.4)
    - React-perflogger (= 0.70.4)
    - Yoga
  - React-Core/RCTSettingsHeaders (0.70.4):
    - glog
    - RCT-Folly (= 2021.07.22.00)
    - React-Core/Default
    - React-cxxreact (= 0.70.4)
    - React-jsi (= 0.70.4)
    - React-jsiexecutor (= 0.70.4)
    - React-perflogger (= 0.70.4)
    - Yoga
  - React-Core/RCTTextHeaders (0.70.4):
    - glog
    - RCT-Folly (= 2021.07.22.00)
    - React-Core/Default
    - React-cxxreact (= 0.70.4)
    - React-jsi (= 0.70.4)
    - React-jsiexecutor (= 0.70.4)
    - React-perflogger (= 0.70.4)
    - Yoga
  - React-Core/RCTVibrationHeaders (0.70.4):
    - glog
    - RCT-Folly (= 2021.07.22.00)
    - React-Core/Default
    - React-cxxreact (= 0.70.4)
    - React-jsi (= 0.70.4)
    - React-jsiexecutor (= 0.70.4)
    - React-perflogger (= 0.70.4)
    - Yoga
  - React-Core/RCTWebSocket (0.70.4):
    - glog
    - RCT-Folly (= 2021.07.22.00)
    - React-Core/Default (= 0.70.4)
    - React-cxxreact (= 0.70.4)
    - React-jsi (= 0.70.4)
    - React-jsiexecutor (= 0.70.4)
    - React-perflogger (= 0.70.4)
    - Yoga
  - React-CoreModules (0.70.4):
    - RCT-Folly (= 2021.07.22.00)
    - RCTTypeSafety (= 0.70.4)
    - React-Codegen (= 0.70.4)
    - React-Core/CoreModulesHeaders (= 0.70.4)
    - React-jsi (= 0.70.4)
    - React-RCTImage (= 0.70.4)
    - ReactCommon/turbomodule/core (= 0.70.4)
  - React-cxxreact (0.70.4):
    - boost (= 1.76.0)
    - DoubleConversion
    - glog
    - RCT-Folly (= 2021.07.22.00)
    - React-callinvoker (= 0.70.4)
    - React-jsi (= 0.70.4)
    - React-jsinspector (= 0.70.4)
    - React-logger (= 0.70.4)
    - React-perflogger (= 0.70.4)
    - React-runtimeexecutor (= 0.70.4)
  - React-jsi (0.70.4):
    - boost (= 1.76.0)
    - DoubleConversion
    - glog
    - RCT-Folly (= 2021.07.22.00)
    - React-jsi/Default (= 0.70.4)
  - React-jsi/Default (0.70.4):
    - boost (= 1.76.0)
    - DoubleConversion
    - glog
    - RCT-Folly (= 2021.07.22.00)
  - React-jsiexecutor (0.70.4):
    - DoubleConversion
    - glog
    - RCT-Folly (= 2021.07.22.00)
    - React-cxxreact (= 0.70.4)
    - React-jsi (= 0.70.4)
    - React-perflogger (= 0.70.4)
  - React-jsinspector (0.70.4)
  - React-logger (0.70.4):
    - glog
  - react-native-cameraroll (4.1.2):
    - React-Core
  - react-native-safe-area-context (3.3.2):
    - React-Core
  - react-native-slider (4.3.3):
    - React-Core
  - react-native-spinkit (1.4.1):
    - React
  - react-native-splash-screen (3.3.0):
    - React-Core
  - react-native-view-shot (3.1.2):
    - React
  - react-native-webview (11.17.2):
    - React-Core
  - React-perflogger (0.70.4)
  - React-RCTActionSheet (0.70.4):
    - React-Core/RCTActionSheetHeaders (= 0.70.4)
  - React-RCTAnimation (0.70.4):
    - RCT-Folly (= 2021.07.22.00)
    - RCTTypeSafety (= 0.70.4)
    - React-Codegen (= 0.70.4)
    - React-Core/RCTAnimationHeaders (= 0.70.4)
    - React-jsi (= 0.70.4)
    - ReactCommon/turbomodule/core (= 0.70.4)
  - React-RCTBlob (0.70.4):
    - RCT-Folly (= 2021.07.22.00)
    - React-Codegen (= 0.70.4)
    - React-Core/RCTBlobHeaders (= 0.70.4)
    - React-Core/RCTWebSocket (= 0.70.4)
    - React-jsi (= 0.70.4)
    - React-RCTNetwork (= 0.70.4)
    - ReactCommon/turbomodule/core (= 0.70.4)
  - React-RCTImage (0.70.4):
    - RCT-Folly (= 2021.07.22.00)
    - RCTTypeSafety (= 0.70.4)
    - React-Codegen (= 0.70.4)
    - React-Core/RCTImageHeaders (= 0.70.4)
    - React-jsi (= 0.70.4)
    - React-RCTNetwork (= 0.70.4)
    - ReactCommon/turbomodule/core (= 0.70.4)
  - React-RCTLinking (0.70.4):
    - React-Codegen (= 0.70.4)
    - React-Core/RCTLinkingHeaders (= 0.70.4)
    - React-jsi (= 0.70.4)
    - ReactCommon/turbomodule/core (= 0.70.4)
  - React-RCTNetwork (0.70.4):
    - RCT-Folly (= 2021.07.22.00)
    - RCTTypeSafety (= 0.70.4)
    - React-Codegen (= 0.70.4)
    - React-Core/RCTNetworkHeaders (= 0.70.4)
    - React-jsi (= 0.70.4)
    - ReactCommon/turbomodule/core (= 0.70.4)
  - React-RCTSettings (0.70.4):
    - RCT-Folly (= 2021.07.22.00)
    - RCTTypeSafety (= 0.70.4)
    - React-Codegen (= 0.70.4)
    - React-Core/RCTSettingsHeaders (= 0.70.4)
    - React-jsi (= 0.70.4)
    - ReactCommon/turbomodule/core (= 0.70.4)
  - React-RCTText (0.70.4):
    - React-Core/RCTTextHeaders (= 0.70.4)
  - React-RCTVibration (0.70.4):
    - RCT-Folly (= 2021.07.22.00)
    - React-Codegen (= 0.70.4)
    - React-Core/RCTVibrationHeaders (= 0.70.4)
    - React-jsi (= 0.70.4)
    - ReactCommon/turbomodule/core (= 0.70.4)
  - React-runtimeexecutor (0.70.4):
    - React-jsi (= 0.70.4)
  - ReactCommon/turbomodule/core (0.70.4):
    - DoubleConversion
    - glog
    - RCT-Folly (= 2021.07.22.00)
    - React-bridging (= 0.70.4)
    - React-callinvoker (= 0.70.4)
    - React-Core (= 0.70.4)
    - React-cxxreact (= 0.70.4)
    - React-jsi (= 0.70.4)
    - React-logger (= 0.70.4)
    - React-perflogger (= 0.70.4)
  - rn-fetch-blob (0.12.0):
    - React-Core
  - RNCAsyncStorage (1.12.1):
    - React-Core
  - RNCClipboard (1.5.1):
    - React-Core
  - RNDateTimePicker (5.1.0):
    - React-Core
  - RNDeviceInfo (8.7.0):
    - React-Core
  - RNGestureHandler (2.4.1):
    - React-Core
  - RNImageCropPicker (0.38.1):
    - React-Core
    - React-RCTImage
    - RNImageCropPicker/QBImagePickerController (= 0.38.1)
    - TOCropViewController
  - RNImageCropPicker/QBImagePickerController (0.38.1):
    - React-Core
    - React-RCTImage
    - TOCropViewController
  - RNLocalize (2.2.1):
    - React-Core
  - RNPermissions (3.3.1):
    - React-Core
  - RNReanimated (2.12.0):
    - DoubleConversion
    - FBLazyVector
    - FBReactNativeSpec
    - glog
    - RCT-Folly
    - RCTRequired
    - RCTTypeSafety
    - React-callinvoker
    - React-Core
    - React-Core/DevSupport
    - React-Core/RCTWebSocket
    - React-CoreModules
    - React-cxxreact
    - React-jsi
    - React-jsiexecutor
    - React-jsinspector
    - React-RCTActionSheet
    - React-RCTAnimation
    - React-RCTBlob
    - React-RCTImage
    - React-RCTLinking
    - React-RCTNetwork
    - React-RCTSettings
    - React-RCTText
    - ReactCommon/turbomodule/core
    - Yoga
  - RNScreens (3.10.2):
    - React-Core
    - React-RCTImage
  - RNSVG (12.3.0):
    - React-Core
  - SocketRocket (0.6.0)
  - TOCropViewController (2.6.1)
  - vision-camera-code-scanner (0.2.0):
    - GoogleMLKit/BarcodeScanning
    - React-Core
  - VisionCamera (2.15.2):
    - React
    - React-callinvoker
    - React-Core
  - Yoga (1.14.0)
  - YogaKit (1.18.1):
    - Yoga (~> 1.14)

DEPENDENCIES:
  - boost (from `../node_modules/react-native/third-party-podspecs/boost.podspec`)
  - BVLinearGradient (from `../node_modules/react-native-linear-gradient`)
  - DoubleConversion (from `../node_modules/react-native/third-party-podspecs/DoubleConversion.podspec`)
  - FBLazyVector (from `../node_modules/react-native/Libraries/FBLazyVector`)
  - FBReactNativeSpec (from `../node_modules/react-native/React/FBReactNativeSpec`)
  - Flipper (= 0.125.0)
  - Flipper-Boost-iOSX (= 1.76.0.1.11)
  - Flipper-DoubleConversion (= 3.2.0.1)
  - Flipper-Fmt (= 7.1.7)
  - Flipper-Folly (= 2.6.10)
  - Flipper-Glog (= 0.5.0.5)
  - Flipper-PeerTalk (= 0.0.4)
  - Flipper-RSocket (= 1.4.3)
  - FlipperKit (= 0.125.0)
  - FlipperKit/Core (= 0.125.0)
  - FlipperKit/CppBridge (= 0.125.0)
  - FlipperKit/FBCxxFollyDynamicConvert (= 0.125.0)
  - FlipperKit/FBDefines (= 0.125.0)
  - FlipperKit/FKPortForwarding (= 0.125.0)
  - FlipperKit/FlipperKitHighlightOverlay (= 0.125.0)
  - FlipperKit/FlipperKitLayoutPlugin (= 0.125.0)
  - FlipperKit/FlipperKitLayoutTextSearchable (= 0.125.0)
  - FlipperKit/FlipperKitNetworkPlugin (= 0.125.0)
  - FlipperKit/FlipperKitReactPlugin (= 0.125.0)
  - FlipperKit/FlipperKitUserDefaultsPlugin (= 0.125.0)
  - FlipperKit/SKIOSNetworkPlugin (= 0.125.0)
  - glog (from `../node_modules/react-native/third-party-podspecs/glog.podspec`)
  - OpenSSL-Universal (= 1.1.1100)
  - Permission-AppTrackingTransparency (from `../node_modules/react-native-permissions/ios/AppTrackingTransparency`)
  - Permission-BluetoothPeripheral (from `../node_modules/react-native-permissions/ios/BluetoothPeripheral`)
  - Permission-Calendars (from `../node_modules/react-native-permissions/ios/Calendars`)
  - Permission-Camera (from `../node_modules/react-native-permissions/ios/Camera`)
  - Permission-Contacts (from `../node_modules/react-native-permissions/ios/Contacts`)
  - Permission-FaceID (from `../node_modules/react-native-permissions/ios/FaceID`)
  - Permission-LocationAccuracy (from `../node_modules/react-native-permissions/ios/LocationAccuracy`)
  - Permission-LocationAlways (from `../node_modules/react-native-permissions/ios/LocationAlways`)
  - Permission-LocationWhenInUse (from `../node_modules/react-native-permissions/ios/LocationWhenInUse`)
  - Permission-MediaLibrary (from `../node_modules/react-native-permissions/ios/MediaLibrary`)
  - Permission-Microphone (from `../node_modules/react-native-permissions/ios/Microphone`)
  - Permission-Motion (from `../node_modules/react-native-permissions/ios/Motion`)
  - Permission-Notifications (from `../node_modules/react-native-permissions/ios/Notifications`)
  - Permission-PhotoLibrary (from `../node_modules/react-native-permissions/ios/PhotoLibrary`)
  - Permission-PhotoLibraryAddOnly (from `../node_modules/react-native-permissions/ios/PhotoLibraryAddOnly`)
  - Permission-Reminders (from `../node_modules/react-native-permissions/ios/Reminders`)
  - Permission-Siri (from `../node_modules/react-native-permissions/ios/Siri`)
  - Permission-SpeechRecognition (from `../node_modules/react-native-permissions/ios/SpeechRecognition`)
  - Permission-StoreKit (from `../node_modules/react-native-permissions/ios/StoreKit`)
  - RCT-Folly (from `../node_modules/react-native/third-party-podspecs/RCT-Folly.podspec`)
  - RCTRequired (from `../node_modules/react-native/Libraries/RCTRequired`)
  - RCTTypeSafety (from `../node_modules/react-native/Libraries/TypeSafety`)
  - React (from `../node_modules/react-native/`)
  - React-bridging (from `../node_modules/react-native/ReactCommon`)
  - React-callinvoker (from `../node_modules/react-native/ReactCommon/callinvoker`)
  - React-Codegen (from `build/generated/ios`)
  - React-Core (from `../node_modules/react-native/`)
  - React-Core/RCTWebSocket (from `../node_modules/react-native/`)
  - React-CoreModules (from `../node_modules/react-native/React/CoreModules`)
  - React-cxxreact (from `../node_modules/react-native/ReactCommon/cxxreact`)
  - React-jsi (from `../node_modules/react-native/ReactCommon/jsi`)
  - React-jsiexecutor (from `../node_modules/react-native/ReactCommon/jsiexecutor`)
  - React-jsinspector (from `../node_modules/react-native/ReactCommon/jsinspector`)
  - React-logger (from `../node_modules/react-native/ReactCommon/logger`)
  - "react-native-cameraroll (from `../node_modules/@react-native-community/cameraroll`)"
  - react-native-safe-area-context (from `../node_modules/react-native-safe-area-context`)
  - "react-native-slider (from `../node_modules/@react-native-community/slider`)"
  - react-native-spinkit (from `../node_modules/react-native-spinkit`)
  - react-native-splash-screen (from `../node_modules/react-native-splash-screen`)
  - react-native-view-shot (from `../node_modules/react-native-view-shot`)
  - react-native-webview (from `../node_modules/react-native-webview`)
  - React-perflogger (from `../node_modules/react-native/ReactCommon/reactperflogger`)
  - React-RCTActionSheet (from `../node_modules/react-native/Libraries/ActionSheetIOS`)
  - React-RCTAnimation (from `../node_modules/react-native/Libraries/NativeAnimation`)
  - React-RCTBlob (from `../node_modules/react-native/Libraries/Blob`)
  - React-RCTImage (from `../node_modules/react-native/Libraries/Image`)
  - React-RCTLinking (from `../node_modules/react-native/Libraries/LinkingIOS`)
  - React-RCTNetwork (from `../node_modules/react-native/Libraries/Network`)
  - React-RCTSettings (from `../node_modules/react-native/Libraries/Settings`)
  - React-RCTText (from `../node_modules/react-native/Libraries/Text`)
  - React-RCTVibration (from `../node_modules/react-native/Libraries/Vibration`)
  - React-runtimeexecutor (from `../node_modules/react-native/ReactCommon/runtimeexecutor`)
  - ReactCommon/turbomodule/core (from `../node_modules/react-native/ReactCommon`)
  - rn-fetch-blob (from `../node_modules/rn-fetch-blob`)
  - "RNCAsyncStorage (from `../node_modules/@react-native-community/async-storage`)"
  - "RNCClipboard (from `../node_modules/@react-native-community/clipboard`)"
  - "RNDateTimePicker (from `../node_modules/@react-native-community/datetimepicker`)"
  - RNDeviceInfo (from `../node_modules/react-native-device-info`)
  - RNGestureHandler (from `../node_modules/react-native-gesture-handler`)
  - RNImageCropPicker (from `../node_modules/react-native-image-crop-picker`)
  - RNLocalize (from `../node_modules/react-native-localize`)
  - RNPermissions (from `../node_modules/react-native-permissions`)
  - RNReanimated (from `../node_modules/react-native-reanimated`)
  - RNScreens (from `../node_modules/react-native-screens`)
  - RNSVG (from `../node_modules/react-native-svg`)
  - vision-camera-code-scanner (from `../node_modules/vision-camera-code-scanner`)
  - VisionCamera (from `../node_modules/react-native-vision-camera`)
  - Yoga (from `../node_modules/react-native/ReactCommon/yoga`)

SPEC REPOS:
  trunk:
    - CocoaAsyncSocket
    - Flipper
    - Flipper-Boost-iOSX
    - Flipper-DoubleConversion
    - Flipper-Fmt
    - Flipper-Folly
    - Flipper-Glog
    - Flipper-PeerTalk
    - Flipper-RSocket
    - FlipperKit
    - fmt
    - GoogleDataTransport
    - GoogleMLKit
    - GoogleToolboxForMac
    - GoogleUtilities
    - GoogleUtilitiesComponents
    - GTMSessionFetcher
    - libevent
    - MLImage
    - MLKitBarcodeScanning
    - MLKitCommon
    - MLKitVision
    - nanopb
    - OpenSSL-Universal
    - PromisesObjC
    - Protobuf
    - SocketRocket
    - TOCropViewController
    - YogaKit

EXTERNAL SOURCES:
  boost:
    :podspec: "../node_modules/react-native/third-party-podspecs/boost.podspec"
  BVLinearGradient:
    :path: "../node_modules/react-native-linear-gradient"
  DoubleConversion:
    :podspec: "../node_modules/react-native/third-party-podspecs/DoubleConversion.podspec"
  FBLazyVector:
    :path: "../node_modules/react-native/Libraries/FBLazyVector"
  FBReactNativeSpec:
    :path: "../node_modules/react-native/React/FBReactNativeSpec"
  glog:
    :podspec: "../node_modules/react-native/third-party-podspecs/glog.podspec"
  Permission-AppTrackingTransparency:
    :path: "../node_modules/react-native-permissions/ios/AppTrackingTransparency"
  Permission-BluetoothPeripheral:
    :path: "../node_modules/react-native-permissions/ios/BluetoothPeripheral"
  Permission-Calendars:
    :path: "../node_modules/react-native-permissions/ios/Calendars"
  Permission-Camera:
    :path: "../node_modules/react-native-permissions/ios/Camera"
  Permission-Contacts:
    :path: "../node_modules/react-native-permissions/ios/Contacts"
  Permission-FaceID:
    :path: "../node_modules/react-native-permissions/ios/FaceID"
  Permission-LocationAccuracy:
    :path: "../node_modules/react-native-permissions/ios/LocationAccuracy"
  Permission-LocationAlways:
    :path: "../node_modules/react-native-permissions/ios/LocationAlways"
  Permission-LocationWhenInUse:
    :path: "../node_modules/react-native-permissions/ios/LocationWhenInUse"
  Permission-MediaLibrary:
    :path: "../node_modules/react-native-permissions/ios/MediaLibrary"
  Permission-Microphone:
    :path: "../node_modules/react-native-permissions/ios/Microphone"
  Permission-Motion:
    :path: "../node_modules/react-native-permissions/ios/Motion"
  Permission-Notifications:
    :path: "../node_modules/react-native-permissions/ios/Notifications"
  Permission-PhotoLibrary:
    :path: "../node_modules/react-native-permissions/ios/PhotoLibrary"
  Permission-PhotoLibraryAddOnly:
    :path: "../node_modules/react-native-permissions/ios/PhotoLibraryAddOnly"
  Permission-Reminders:
    :path: "../node_modules/react-native-permissions/ios/Reminders"
  Permission-Siri:
    :path: "../node_modules/react-native-permissions/ios/Siri"
  Permission-SpeechRecognition:
    :path: "../node_modules/react-native-permissions/ios/SpeechRecognition"
  Permission-StoreKit:
    :path: "../node_modules/react-native-permissions/ios/StoreKit"
  RCT-Folly:
    :podspec: "../node_modules/react-native/third-party-podspecs/RCT-Folly.podspec"
  RCTRequired:
    :path: "../node_modules/react-native/Libraries/RCTRequired"
  RCTTypeSafety:
    :path: "../node_modules/react-native/Libraries/TypeSafety"
  React:
    :path: "../node_modules/react-native/"
  React-bridging:
    :path: "../node_modules/react-native/ReactCommon"
  React-callinvoker:
    :path: "../node_modules/react-native/ReactCommon/callinvoker"
  React-Codegen:
    :path: build/generated/ios
  React-Core:
    :path: "../node_modules/react-native/"
  React-CoreModules:
    :path: "../node_modules/react-native/React/CoreModules"
  React-cxxreact:
    :path: "../node_modules/react-native/ReactCommon/cxxreact"
  React-jsi:
    :path: "../node_modules/react-native/ReactCommon/jsi"
  React-jsiexecutor:
    :path: "../node_modules/react-native/ReactCommon/jsiexecutor"
  React-jsinspector:
    :path: "../node_modules/react-native/ReactCommon/jsinspector"
  React-logger:
    :path: "../node_modules/react-native/ReactCommon/logger"
  react-native-cameraroll:
    :path: "../node_modules/@react-native-community/cameraroll"
  react-native-safe-area-context:
    :path: "../node_modules/react-native-safe-area-context"
  react-native-slider:
    :path: "../node_modules/@react-native-community/slider"
  react-native-spinkit:
    :path: "../node_modules/react-native-spinkit"
  react-native-splash-screen:
    :path: "../node_modules/react-native-splash-screen"
  react-native-view-shot:
    :path: "../node_modules/react-native-view-shot"
  react-native-webview:
    :path: "../node_modules/react-native-webview"
  React-perflogger:
    :path: "../node_modules/react-native/ReactCommon/reactperflogger"
  React-RCTActionSheet:
    :path: "../node_modules/react-native/Libraries/ActionSheetIOS"
  React-RCTAnimation:
    :path: "../node_modules/react-native/Libraries/NativeAnimation"
  React-RCTBlob:
    :path: "../node_modules/react-native/Libraries/Blob"
  React-RCTImage:
    :path: "../node_modules/react-native/Libraries/Image"
  React-RCTLinking:
    :path: "../node_modules/react-native/Libraries/LinkingIOS"
  React-RCTNetwork:
    :path: "../node_modules/react-native/Libraries/Network"
  React-RCTSettings:
    :path: "../node_modules/react-native/Libraries/Settings"
  React-RCTText:
    :path: "../node_modules/react-native/Libraries/Text"
  React-RCTVibration:
    :path: "../node_modules/react-native/Libraries/Vibration"
  React-runtimeexecutor:
    :path: "../node_modules/react-native/ReactCommon/runtimeexecutor"
  ReactCommon:
    :path: "../node_modules/react-native/ReactCommon"
  rn-fetch-blob:
    :path: "../node_modules/rn-fetch-blob"
  RNCAsyncStorage:
    :path: "../node_modules/@react-native-community/async-storage"
  RNCClipboard:
    :path: "../node_modules/@react-native-community/clipboard"
  RNDateTimePicker:
    :path: "../node_modules/@react-native-community/datetimepicker"
  RNDeviceInfo:
    :path: "../node_modules/react-native-device-info"
  RNGestureHandler:
    :path: "../node_modules/react-native-gesture-handler"
  RNImageCropPicker:
    :path: "../node_modules/react-native-image-crop-picker"
  RNLocalize:
    :path: "../node_modules/react-native-localize"
  RNPermissions:
    :path: "../node_modules/react-native-permissions"
  RNReanimated:
    :path: "../node_modules/react-native-reanimated"
  RNScreens:
    :path: "../node_modules/react-native-screens"
  RNSVG:
    :path: "../node_modules/react-native-svg"
  vision-camera-code-scanner:
    :path: "../node_modules/vision-camera-code-scanner"
  VisionCamera:
    :path: "../node_modules/react-native-vision-camera"
  Yoga:
    :path: "../node_modules/react-native/ReactCommon/yoga"

SPEC CHECKSUMS:
  boost: a7c83b31436843459a1961bfd74b96033dc77234
  BVLinearGradient: e3aad03778a456d77928f594a649e96995f1c872
  CocoaAsyncSocket: 065fd1e645c7abab64f7a6a2007a48038fdc6a99
  DoubleConversion: 5189b271737e1565bdce30deb4a08d647e3f5f54
  FBLazyVector: 8a28262f61fbe40c04ce8677b8d835d97c18f1b3
  FBReactNativeSpec: b475991eb2d8da6a4ec32d09a8df31b0247fa87d
  Flipper: 26fc4b7382499f1281eb8cb921e5c3ad6de91fe0
  Flipper-Boost-iOSX: fd1e2b8cbef7e662a122412d7ac5f5bea715403c
  Flipper-DoubleConversion: 2dc99b02f658daf147069aad9dbd29d8feb06d30
  Flipper-Fmt: 60cbdd92fc254826e61d669a5d87ef7015396a9b
  Flipper-Folly: 584845625005ff068a6ebf41f857f468decd26b3
  Flipper-Glog: 70c50ce58ddaf67dc35180db05f191692570f446
  Flipper-PeerTalk: 116d8f857dc6ef55c7a5a75ea3ceaafe878aadc9
  Flipper-RSocket: d9d9ade67cbecf6ac10730304bf5607266dd2541
  FlipperKit: cbdee19bdd4e7f05472a66ce290f1b729ba3cb86
  fmt: ff9d55029c625d3757ed641535fd4a75fedc7ce9
  glog: 04b94705f318337d7ead9e6d17c019bd9b1f6b1b
  GoogleDataTransport: 1c8145da7117bd68bbbed00cf304edb6a24de00f
  GoogleMLKit: 0017a6a8372e1a182139b9def4d89be5d87ca5a7
  GoogleToolboxForMac: 8bef7c7c5cf7291c687cf5354f39f9db6399ad34
  GoogleUtilities: e0913149f6b0625b553d70dae12b49fc62914fd1
  GoogleUtilitiesComponents: 679b2c881db3b615a2777504623df6122dd20afe
  GTMSessionFetcher: 5595ec75acf5be50814f81e9189490412bad82ba
  libevent: 4049cae6c81cdb3654a443be001fb9bdceff7913
  MLImage: 489dfec109f21da8621b28d476401aaf7a0d4ff4
  MLKitBarcodeScanning: d92fe1911001ec36870162c5a0eb206f612b7169
  MLKitCommon: f6da6c5659618c070b50a80db01248ebe2964175
  MLKitVision: 96c96571190b7f63eddf4a12068ce8a8689e0d2c
  nanopb: b552cce312b6c8484180ef47159bc0f65a1f0431
  OpenSSL-Universal: ebc357f1e6bc71fa463ccb2fe676756aff50e88c
  Permission-AppTrackingTransparency: 507f031f783885aad86f5754bd23edba587b2125
  Permission-BluetoothPeripheral: a408e2ba4b43e60c5a4b8b4d442bb8abc93394b2
  Permission-Calendars: 1a97703f804b86ece328f53fac3683f23ec0df1b
  Permission-Camera: bae27a8503530770c35aadfecbb97ec71823382a
  Permission-Contacts: 795936e988352bbf628334378eec5c3728db7140
  Permission-FaceID: 278547824ae3a5cae07050505e8a505932c3c5c4
  Permission-LocationAccuracy: 43d7a6b3d736a90168e9fc7117a721ca44722f83
  Permission-LocationAlways: fbf36cbdcabc3101f1168ad1ec45cfc5a6448cc4
  Permission-LocationWhenInUse: 006c85c8de0c05b5d8be8e8029e4f6b813270293
  Permission-MediaLibrary: cbc1ee191cf0fe73282d2b3f197714941783d99d
  Permission-Microphone: 13922195a81b9d46d2df8050c225006eae126d49
  Permission-Motion: db2cffebd72064294639959653f81175b1c1d354
  Permission-Notifications: 4b21cfdd5e8aab2cbb1f117aaa17b44e1f5736c4
  Permission-PhotoLibrary: ddb5a158725b29cb12e9e477e8a5f5151c66cc3c
  Permission-PhotoLibraryAddOnly: 104e42dbe894b0fccb370be26dd1b4a3c23578eb
  Permission-Reminders: e6c3190fd33fe2a088350533dfba8bc78c0632b3
  Permission-Siri: 1ae2ad3349327f25eac3f7d7a69389ca46d4c163
  Permission-SpeechRecognition: fdab73ea6aec7103fef3ef8719194e9ef65dbb9e
  Permission-StoreKit: 49cd0d1d0cec7211b1a7fefb3a810f3caa89b992
  PromisesObjC: ab77feca74fa2823e7af4249b8326368e61014cb
  Protobuf: 7504b04fffcf6662ad629694db8231f5e744327f
  RCT-Folly: 0080d0a6ebf2577475bda044aa59e2ca1f909cda
  RCTRequired: 49a2c4d4215580d8b24ed538ae01b6de20b43a76
  RCTTypeSafety: 55d538399fe8b51e5cd862e2ec2f9b135b07e783
  React: 413fd7d791365c2c5742b60493d3ab450ca1a210
  React-bridging: 8e577e404677d57daa0310db63e6a27328a57207
  React-callinvoker: d0ae2f0ea66bcf29a3e42a895428d2f01473d2ea
  React-Codegen: 273200ed3b02d35fd1755aebe0eb3319b037d950
  React-Core: f42a10403076c1114f8c50f063ddafc9eea92fff
  React-CoreModules: 1ed78c63dad96f40b123d4d4ca455e09ccd8aaed
  React-cxxreact: 7d30af80adb5fe6a97646a06540c19e61736aa15
  React-jsi: 9b2b4ac1642b72bffcd74550f0caa0926b3f8a4d
  React-jsiexecutor: 4a893fc8f683b91befcaf56c44ad8be4506b6828
  React-jsinspector: 1d5a9e84e419a57cabc23249aec3d837d1b03a80
  React-logger: f8071ad48248781d5afdb8a07f778758529d3019
  react-native-cameraroll: 2957f2bce63ae896a848fbe0d5352c1bd4d20866
  react-native-safe-area-context: 584dc04881deb49474363f3be89e4ca0e854c057
  react-native-slider: 7d19220da2f2ae7cbb9aa80127cb73c597fa221f
  react-native-spinkit: da294fd828216ad211fe36a5c14c1e09f09e62db
  react-native-splash-screen: 4312f786b13a81b5169ef346d76d33bc0c6dc457
  react-native-view-shot: 4475fde003fe8a210053d1f98fb9e06c1d834e1c
  react-native-webview: 380c1a03ec94b7ed764dac8db1e7c9952d08c93a
  React-perflogger: 5e41b01b35d97cc1b0ea177181eb33b5c77623b6
  React-RCTActionSheet: 48949f30b24200c82f3dd27847513be34e06a3ae
  React-RCTAnimation: 96af42c97966fcd53ed9c31bee6f969c770312b6
  React-RCTBlob: 22aa326a2b34eea3299a2274ce93e102f8383ed9
  React-RCTImage: 1df0dbdb53609778f68830ccdd07ff3b40812837
  React-RCTLinking: eef4732d9102a10174115a727588d199711e376c
  React-RCTNetwork: 18716f00568ec203df2192d35f4a74d1d9b00675
  React-RCTSettings: 1dc8a5e5272cea1bad2f8d9b4e6bac91b846749b
  React-RCTText: 17652c6294903677fb3d754b5955ac293347782c
  React-RCTVibration: 0e247407238d3bd6b29d922d7b5de0404359431b
  React-runtimeexecutor: 5407e26b5aaafa9b01a08e33653255f8247e7c31
  ReactCommon: abf3605a56f98b91671d0d1327addc4ffb87af77
  rn-fetch-blob: f065bb7ab7fb48dd002629f8bdcb0336602d3cba
  RNCAsyncStorage: b03032fdbdb725bea0bd9e5ec5a7272865ae7398
  RNCClipboard: 41d8d918092ae8e676f18adada19104fa3e68495
  RNDateTimePicker: 1dd15d7ed1ab7d999056bc77879a42920d139c12
  RNDeviceInfo: 36286df381fcaf1933ff9d2d3c34ba2abeb2d8d8
  RNGestureHandler: 4f4986408310a43f1606c391f38f76e0d6e790d5
  RNImageCropPicker: 648356d68fbf9911a1016b3e3723885d28373eda
  RNLocalize: cbcb55d0e19c78086ea4eea20e03fe8000bbbced
  RNPermissions: 34d678157c800b25b22a488e4d8babb57456e796
  RNReanimated: 2a91e85fcd343f8af3c58d3425b99fdd285590a5
  RNScreens: d6da2b9e29cf523832c2542f47bf1287318b1868
  RNSVG: 302bfc9905bd8122f08966dc2ce2d07b7b52b9f8
  SocketRocket: fccef3f9c5cedea1353a9ef6ada904fde10d6608
  TOCropViewController: edfd4f25713d56905ad1e0b9f5be3fbe0f59c863
  vision-camera-code-scanner: dda884a7f3ec8243a2a6d6489b91860648371bca
  VisionCamera: 4cfd685b1e671fea4aa0400905ab397f0e972210
  Yoga: 1f02ef4ce4469aefc36167138441b27d988282b1
  YogaKit: f782866e155069a2cca2517aafea43200b01fd5a

PODFILE CHECKSUM: d7e69cd30653a9004037d7b894437e467b2070c2

COCOAPODS: 1.11.2
